
Microsoft Visual Studio Solution File, Format Version 12.00
# Visual Studio 14
VisualStudioVersion = 14.0.25420.1
MinimumVisualStudioVersion = 10.0.40219.1
Project("{FAE04EC0-301F-11D3-BF4B-00C04F79EFBC}") = "AngularjsApplication_Demo", "AngularjsApplication_Demo\AngularjsApplication_Demo.csproj", "{431A3FF6-F778-4583-ACF0-A46176A469D8}"
EndProject
Global
	GlobalSection(SolutionConfigurationPlatforms) = preSolution
		Debug|Any CPU = Debug|Any CPU
		Release|Any CPU = Release|Any CPU
	EndGlobalSection
	GlobalSection(ProjectConfigurationPlatforms) = postSolution
		{431A3FF6-F778-4583-ACF0-A46176A469D8}.Debug|Any CPU.ActiveCfg = Debug|Any CPU
		{431A3FF6-F778-4583-ACF0-A46176A469D8}.Debug|Any CPU.Build.0 = Debug|Any CPU
		{431A3FF6-F778-4583-ACF0-A46176A469D8}.Release|Any CPU.ActiveCfg = Release|Any CPU
		{431A3FF6-F778-4583-ACF0-A46176A469D8}.Release|Any CPU.Build.0 = Release|Any CPU
	EndGlobalSection
	GlobalSection(SolutionProperties) = preSolution
		HideSolutionNode = FALSE
	EndGlobalSection
EndGlobal
